<?xml version="1.0" encoding="UTF-8"?>
<!DOCTYPE plist PUBLIC "-//Apple//DTD PLIST 1.0//EN" "http://www.apple.com/DTDs/PropertyList-1.0.dtd">
<plist version="1.0">
<dict>
	<key>archiveVersion</key>
	<string>1</string>
	<key>classes</key>
	<dict/>
	<key>objectVersion</key>
	<string>46</string>
	<key>objects</key>
	<dict>
		<key>138565496AA8494A9F3B3579</key>
		<dict>
			<key>buildActionMask</key>
			<string>2147483647</string>
			<key>files</key>
			<array/>
			<key>inputPaths</key>
			<array/>
			<key>isa</key>
			<string>PBXShellScriptBuildPhase</string>
			<key>name</key>
			<string>Check Pods Manifest.lock</string>
			<key>outputPaths</key>
			<array/>
			<key>runOnlyForDeploymentPostprocessing</key>
			<string>0</string>
			<key>shellPath</key>
			<string>/bin/sh</string>
			<key>shellScript</key>
			<string>diff "${PODS_ROOT}/../Podfile.lock" "${PODS_ROOT}/Manifest.lock" &gt; /dev/null
if [[ $? != 0 ]] ; then
    cat &lt;&lt; EOM
error: The sanbox is not in sync with the Podfile.lock. Run 'pod install'.
EOM
    exit 1
fi
</string>
			<key>showEnvVarsInLog</key>
			<string>1</string>
		</dict>
		<key>13FFBE8754EC48A584692278</key>
		<dict>
			<key>includeInIndex</key>
			<string>1</string>
			<key>isa</key>
			<string>PBXFileReference</string>
			<key>lastKnownFileType</key>
			<string>text.xcconfig</string>
			<key>name</key>
			<string>Pods-KiwiUnitTest.xcconfig</string>
			<key>path</key>
			<string>Pods/Pods-KiwiUnitTest.xcconfig</string>
			<key>sourceTree</key>
			<string>SOURCE_ROOT</string>
		</dict>
		<key>2EA414DC0F704E078D52CAF5</key>
		<dict>
			<key>fileRef</key>
			<string>472BCCCB749145D2A6666FE7</string>
			<key>isa</key>
			<string>PBXBuildFile</string>
			<key>settings</key>
			<dict/>
		</dict>
		<key>472BCCCB749145D2A6666FE7</key>
		<dict>
			<key>explicitFileType</key>
			<string>archive.ar</string>
			<key>includeInIndex</key>
			<string>0</string>
			<key>isa</key>
			<string>PBXFileReference</string>
			<key>name</key>
			<string>libPods-KiwiUnitTest.a</string>
			<key>path</key>
			<string>libPods-KiwiUnitTest.a</string>
			<key>sourceTree</key>
			<string>BUILT_PRODUCTS_DIR</string>
		</dict>
		<key>4C8B30EC27F84110B8B8DC23</key>
		<dict>
			<key>buildActionMask</key>
			<string>2147483647</string>
			<key>files</key>
			<array/>
			<key>inputPaths</key>
			<array/>
			<key>isa</key>
			<string>PBXShellScriptBuildPhase</string>
			<key>name</key>
			<string>Copy Pods Resources</string>
			<key>outputPaths</key>
			<array/>
			<key>runOnlyForDeploymentPostprocessing</key>
			<string>0</string>
			<key>shellPath</key>
			<string>/bin/sh</string>
			<key>shellScript</key>
			<string>"${SRCROOT}/Pods/Pods-resources.sh"
</string>
		</dict>
		<key>71070064D8AB48229AB027C9</key>
		<dict>
			<key>buildActionMask</key>
			<string>2147483647</string>
			<key>files</key>
			<array/>
			<key>inputPaths</key>
			<array/>
			<key>isa</key>
			<string>PBXShellScriptBuildPhase</string>
			<key>name</key>
			<string>Copy Pods Resources</string>
			<key>outputPaths</key>
			<array/>
			<key>runOnlyForDeploymentPostprocessing</key>
			<string>0</string>
			<key>shellPath</key>
			<string>/bin/sh</string>
			<key>shellScript</key>
			<string>"${SRCROOT}/Pods/Pods-KiwiUnitTest-resources.sh"
</string>
			<key>showEnvVarsInLog</key>
			<string>1</string>
		</dict>
		<key>75066A2F170B96FB009A320A</key>
		<dict>
			<key>children</key>
			<array>
				<string>75622F53170B8F5A006C82F0</string>
				<string>75622F4F170B5868006C82F0</string>
				<string>75622F4A1708F794006C82F0</string>
				<string>75622F4B1708F795006C82F0</string>
				<string>75622F4717085E01006C82F0</string>
				<string>75622F4817085E01006C82F0</string>
				<string>756E0C4D16EFE21E00B73F88</string>
				<string>756E0C4E16EFE21E00B73F88</string>
				<string>75596DA6170117BD000B09FD</string>
				<string>75596DA7170117BD000B09FD</string>
			</array>
			<key>isa</key>
			<string>PBXGroup</string>
			<key>name</key>
			<string>GameObjects</string>
			<key>sourceTree</key>
			<string>&lt;group&gt;</string>
		</dict>
		<key>75066A30170BA16A009A320A</key>
		<dict>
			<key>children</key>
			<array>
				<string>75E3D81816DEADAC004959CC</string>
				<string>75E3D81916DEADAC004959CC</string>
				<string>756E0C4A16EDADEC00B73F88</string>
				<string>756E0C4B16EDADEC00B73F88</string>
				<string>75E3D81516DEADAC004959CC</string>
				<string>75E3D81616DEADAC004959CC</string>
			</array>
			<key>isa</key>
			<string>PBXGroup</string>
			<key>name</key>
			<string>Layers</string>
			<key>sourceTree</key>
			<string>&lt;group&gt;</string>
		</dict>
		<key>75066A31170BA215009A320A</key>
		<dict>
			<key>isa</key>
			<string>PBXFileReference</string>
			<key>lastKnownFileType</key>
			<string>text</string>
			<key>path</key>
			<string>README.md</string>
			<key>sourceTree</key>
			<string>&lt;group&gt;</string>
		</dict>
		<key>75596DA6170117BD000B09FD</key>
		<dict>
			<key>fileEncoding</key>
			<string>4</string>
			<key>isa</key>
			<string>PBXFileReference</string>
			<key>lastKnownFileType</key>
			<string>sourcecode.c.h</string>
			<key>path</key>
			<string>Enemy.h</string>
			<key>sourceTree</key>
			<string>&lt;group&gt;</string>
		</dict>
		<key>75596DA7170117BD000B09FD</key>
		<dict>
			<key>fileEncoding</key>
			<string>4</string>
			<key>isa</key>
			<string>PBXFileReference</string>
			<key>lastKnownFileType</key>
			<string>sourcecode.c.objc</string>
			<key>path</key>
			<string>Enemy.m</string>
			<key>sourceTree</key>
			<string>&lt;group&gt;</string>
		</dict>
		<key>75596DA8170117BD000B09FD</key>
		<dict>
			<key>fileRef</key>
			<string>75596DA7170117BD000B09FD</string>
			<key>isa</key>
			<string>PBXBuildFile</string>
		</dict>
		<key>75622F4717085E01006C82F0</key>
		<dict>
			<key>fileEncoding</key>
			<string>4</string>
			<key>isa</key>
			<string>PBXFileReference</string>
			<key>lastKnownFileType</key>
			<string>sourcecode.c.h</string>
			<key>path</key>
			<string>Player.h</string>
			<key>sourceTree</key>
			<string>&lt;group&gt;</string>
		</dict>
		<key>75622F4817085E01006C82F0</key>
		<dict>
			<key>fileEncoding</key>
			<string>4</string>
			<key>isa</key>
			<string>PBXFileReference</string>
			<key>lastKnownFileType</key>
			<string>sourcecode.c.objc</string>
			<key>path</key>
			<string>Player.m</string>
			<key>sourceTree</key>
			<string>&lt;group&gt;</string>
		</dict>
		<key>75622F4917085E01006C82F0</key>
		<dict>
			<key>fileRef</key>
			<string>75622F4817085E01006C82F0</string>
			<key>isa</key>
			<string>PBXBuildFile</string>
		</dict>
		<key>75622F4A1708F794006C82F0</key>
		<dict>
			<key>fileEncoding</key>
			<string>4</string>
			<key>isa</key>
			<string>PBXFileReference</string>
			<key>lastKnownFileType</key>
			<string>sourcecode.c.h</string>
			<key>path</key>
			<string>GameObject.h</string>
			<key>sourceTree</key>
			<string>&lt;group&gt;</string>
		</dict>
		<key>75622F4B1708F795006C82F0</key>
		<dict>
			<key>fileEncoding</key>
			<string>4</string>
			<key>isa</key>
			<string>PBXFileReference</string>
			<key>lastKnownFileType</key>
			<string>sourcecode.c.objc</string>
			<key>path</key>
			<string>GameObject.m</string>
			<key>sourceTree</key>
			<string>&lt;group&gt;</string>
		</dict>
		<key>75622F4C1708F795006C82F0</key>
		<dict>
			<key>fileRef</key>
			<string>75622F4B1708F795006C82F0</string>
			<key>isa</key>
			<string>PBXBuildFile</string>
		</dict>
		<key>75622F4F170B5868006C82F0</key>
		<dict>
			<key>children</key>
			<array>
				<string>75622F50170B58AA006C82F0</string>
				<string>75622F51170B58AA006C82F0</string>
			</array>
			<key>isa</key>
			<string>PBXGroup</string>
			<key>name</key>
			<string>Categories</string>
			<key>sourceTree</key>
			<string>&lt;group&gt;</string>
		</dict>
		<key>75622F50170B58AA006C82F0</key>
		<dict>
			<key>fileEncoding</key>
			<string>4</string>
			<key>isa</key>
			<string>PBXFileReference</string>
			<key>lastKnownFileType</key>
			<string>sourcecode.c.h</string>
			<key>path</key>
			<string>GameObject+Movement.h</string>
			<key>sourceTree</key>
			<string>&lt;group&gt;</string>
		</dict>
		<key>75622F51170B58AA006C82F0</key>
		<dict>
			<key>fileEncoding</key>
			<string>4</string>
			<key>isa</key>
			<string>PBXFileReference</string>
			<key>lastKnownFileType</key>
			<string>sourcecode.c.objc</string>
			<key>path</key>
			<string>GameObject+Movement.m</string>
			<key>sourceTree</key>
			<string>&lt;group&gt;</string>
		</dict>
		<key>75622F52170B58AA006C82F0</key>
		<dict>
			<key>fileRef</key>
			<string>75622F51170B58AA006C82F0</string>
			<key>isa</key>
			<string>PBXBuildFile</string>
		</dict>
		<key>75622F53170B8F5A006C82F0</key>
		<dict>
			<key>children</key>
			<array>
				<string>75622F54170B8FAA006C82F0</string>
			</array>
			<key>isa</key>
			<string>PBXGroup</string>
			<key>name</key>
			<string>Protocols</string>
			<key>sourceTree</key>
			<string>&lt;group&gt;</string>
		</dict>
		<key>75622F54170B8FAA006C82F0</key>
		<dict>
			<key>fileEncoding</key>
			<string>4</string>
			<key>isa</key>
			<string>PBXFileReference</string>
			<key>lastKnownFileType</key>
			<string>sourcecode.c.h</string>
			<key>path</key>
			<string>Movable.h</string>
			<key>sourceTree</key>
			<string>&lt;group&gt;</string>
		</dict>
		<key>756E0C4A16EDADEC00B73F88</key>
		<dict>
			<key>fileEncoding</key>
			<string>4</string>
			<key>isa</key>
			<string>PBXFileReference</string>
			<key>lastKnownFileType</key>
			<string>sourcecode.c.h</string>
			<key>path</key>
			<string>GameOverLayer.h</string>
			<key>sourceTree</key>
			<string>&lt;group&gt;</string>
		</dict>
		<key>756E0C4B16EDADEC00B73F88</key>
		<dict>
			<key>fileEncoding</key>
			<string>4</string>
			<key>isa</key>
			<string>PBXFileReference</string>
			<key>lastKnownFileType</key>
			<string>sourcecode.c.objc</string>
			<key>path</key>
			<string>GameOverLayer.m</string>
			<key>sourceTree</key>
			<string>&lt;group&gt;</string>
		</dict>
		<key>756E0C4C16EDADEC00B73F88</key>
		<dict>
			<key>fileRef</key>
			<string>756E0C4B16EDADEC00B73F88</string>
			<key>isa</key>
			<string>PBXBuildFile</string>
		</dict>
		<key>756E0C4D16EFE21E00B73F88</key>
		<dict>
			<key>fileEncoding</key>
			<string>4</string>
			<key>isa</key>
			<string>PBXFileReference</string>
			<key>lastKnownFileType</key>
			<string>sourcecode.c.h</string>
			<key>path</key>
			<string>Bullet.h</string>
			<key>sourceTree</key>
			<string>&lt;group&gt;</string>
		</dict>
		<key>756E0C4E16EFE21E00B73F88</key>
		<dict>
			<key>fileEncoding</key>
			<string>4</string>
			<key>isa</key>
			<string>PBXFileReference</string>
			<key>lastKnownFileType</key>
			<string>sourcecode.c.objc</string>
			<key>path</key>
			<string>Bullet.m</string>
			<key>sourceTree</key>
			<string>&lt;group&gt;</string>
		</dict>
		<key>756E0C4F16EFE21E00B73F88</key>
		<dict>
			<key>fileRef</key>
			<string>756E0C4E16EFE21E00B73F88</string>
			<key>isa</key>
			<string>PBXBuildFile</string>
		</dict>
		<key>756E0CA316F216A600B73F88</key>
		<dict>
			<key>fileEncoding</key>
			<string>4</string>
			<key>isa</key>
			<string>PBXFileReference</string>
			<key>lastKnownFileType</key>
			<string>sourcecode.c.h</string>
			<key>path</key>
			<string>GameConfig.h</string>
			<key>sourceTree</key>
			<string>&lt;group&gt;</string>
		</dict>
		<key>75A7B8F6171B7E9E00866B5F</key>
		<dict>
			<key>buildActionMask</key>
			<string>2147483647</string>
			<key>files</key>
			<array>
				<string>75A7B908171B7E9F00866B5F</string>
			</array>
			<key>isa</key>
			<string>PBXSourcesBuildPhase</string>
			<key>runOnlyForDeploymentPostprocessing</key>
			<string>0</string>
		</dict>
		<key>75A7B8F7171B7E9E00866B5F</key>
		<dict>
			<key>buildActionMask</key>
			<string>2147483647</string>
			<key>files</key>
			<array>
				<string>75A7B8FD171B7E9F00866B5F</string>
				<string>75A7B8FE171B7E9F00866B5F</string>
				<string>75A7B8FF171B7E9F00866B5F</string>
				<string>2EA414DC0F704E078D52CAF5</string>
			</array>
			<key>isa</key>
			<string>PBXFrameworksBuildPhase</string>
			<key>runOnlyForDeploymentPostprocessing</key>
			<string>0</string>
		</dict>
		<key>75A7B8F8171B7E9E00866B5F</key>
		<dict>
			<key>buildActionMask</key>
			<string>2147483647</string>
			<key>files</key>
			<array>
				<string>75A7B905171B7E9F00866B5F</string>
			</array>
			<key>isa</key>
			<string>PBXResourcesBuildPhase</string>
			<key>runOnlyForDeploymentPostprocessing</key>
			<string>0</string>
		</dict>
		<key>75A7B8F9171B7E9E00866B5F</key>
		<dict>
			<key>buildActionMask</key>
			<string>2147483647</string>
			<key>files</key>
			<array/>
			<key>inputPaths</key>
			<array/>
			<key>isa</key>
			<string>PBXShellScriptBuildPhase</string>
			<key>outputPaths</key>
			<array/>
			<key>runOnlyForDeploymentPostprocessing</key>
			<string>0</string>
			<key>shellPath</key>
			<string>/bin/sh</string>
			<key>shellScript</key>
			<string># Run the unit tests in this test bundle.
"${SYSTEM_DEVELOPER_DIR}/Tools/RunUnitTests"
</string>
		</dict>
		<key>75A7B8FA171B7E9E00866B5F</key>
		<dict>
			<key>buildConfigurationList</key>
			<string>75A7B90C171B7E9F00866B5F</string>
			<key>buildPhases</key>
			<array>
				<string>138565496AA8494A9F3B3579</string>
				<string>75A7B8F6171B7E9E00866B5F</string>
				<string>75A7B8F7171B7E9E00866B5F</string>
				<string>75A7B8F8171B7E9E00866B5F</string>
				<string>75A7B8F9171B7E9E00866B5F</string>
				<string>71070064D8AB48229AB027C9</string>
			</array>
			<key>buildRules</key>
			<array/>
			<key>dependencies</key>
			<array/>
			<key>isa</key>
			<string>PBXNativeTarget</string>
			<key>name</key>
			<string>KiwiUnitTest</string>
			<key>productName</key>
			<string>KiwiUnitTest</string>
			<key>productReference</key>
			<string>75A7B8FB171B7E9F00866B5F</string>
			<key>productType</key>
			<string>com.apple.product-type.bundle</string>
		</dict>
		<key>75A7B8FB171B7E9F00866B5F</key>
		<dict>
			<key>explicitFileType</key>
			<string>wrapper.cfbundle</string>
			<key>includeInIndex</key>
			<string>0</string>
			<key>isa</key>
			<string>PBXFileReference</string>
			<key>path</key>
			<string>KiwiUnitTest.octest</string>
			<key>sourceTree</key>
			<string>BUILT_PRODUCTS_DIR</string>
		</dict>
		<key>75A7B8FC171B7E9F00866B5F</key>
		<dict>
			<key>isa</key>
			<string>PBXFileReference</string>
			<key>lastKnownFileType</key>
			<string>wrapper.framework</string>
			<key>name</key>
			<string>SenTestingKit.framework</string>
			<key>path</key>
			<string>Library/Frameworks/SenTestingKit.framework</string>
			<key>sourceTree</key>
			<string>DEVELOPER_DIR</string>
		</dict>
		<key>75A7B8FD171B7E9F00866B5F</key>
		<dict>
			<key>fileRef</key>
			<string>75A7B8FC171B7E9F00866B5F</string>
			<key>isa</key>
			<string>PBXBuildFile</string>
		</dict>
		<key>75A7B8FE171B7E9F00866B5F</key>
		<dict>
			<key>fileRef</key>
			<string>75E3D67C16DEADA9004959CC</string>
			<key>isa</key>
			<string>PBXBuildFile</string>
		</dict>
		<key>75A7B8FF171B7E9F00866B5F</key>
		<dict>
			<key>fileRef</key>
			<string>75E3D67E16DEADA9004959CC</string>
			<key>isa</key>
			<string>PBXBuildFile</string>
		</dict>
		<key>75A7B900171B7E9F00866B5F</key>
		<dict>
			<key>children</key>
			<array>
				<string>75A7B906171B7E9F00866B5F</string>
				<string>75A7B907171B7E9F00866B5F</string>
				<string>75A7B901171B7E9F00866B5F</string>
			</array>
			<key>isa</key>
			<string>PBXGroup</string>
			<key>path</key>
			<string>KiwiUnitTest</string>
			<key>sourceTree</key>
			<string>&lt;group&gt;</string>
		</dict>
		<key>75A7B901171B7E9F00866B5F</key>
		<dict>
			<key>children</key>
			<array>
				<string>75A7B902171B7E9F00866B5F</string>
				<string>75A7B903171B7E9F00866B5F</string>
				<string>75A7B909171B7E9F00866B5F</string>
			</array>
			<key>isa</key>
			<string>PBXGroup</string>
			<key>name</key>
			<string>Supporting Files</string>
			<key>sourceTree</key>
			<string>&lt;group&gt;</string>
		</dict>
		<key>75A7B902171B7E9F00866B5F</key>
		<dict>
			<key>isa</key>
			<string>PBXFileReference</string>
			<key>lastKnownFileType</key>
			<string>text.plist.xml</string>
			<key>path</key>
			<string>KiwiUnitTest-Info.plist</string>
			<key>sourceTree</key>
			<string>&lt;group&gt;</string>
		</dict>
		<key>75A7B903171B7E9F00866B5F</key>
		<dict>
			<key>children</key>
			<array>
				<string>75A7B904171B7E9F00866B5F</string>
			</array>
			<key>isa</key>
			<string>PBXVariantGroup</string>
			<key>name</key>
			<string>InfoPlist.strings</string>
			<key>sourceTree</key>
			<string>&lt;group&gt;</string>
		</dict>
		<key>75A7B904171B7E9F00866B5F</key>
		<dict>
			<key>isa</key>
			<string>PBXFileReference</string>
			<key>lastKnownFileType</key>
			<string>text.plist.strings</string>
			<key>name</key>
			<string>en</string>
			<key>path</key>
			<string>en.lproj/InfoPlist.strings</string>
			<key>sourceTree</key>
			<string>&lt;group&gt;</string>
		</dict>
		<key>75A7B905171B7E9F00866B5F</key>
		<dict>
			<key>fileRef</key>
			<string>75A7B903171B7E9F00866B5F</string>
			<key>isa</key>
			<string>PBXBuildFile</string>
		</dict>
		<key>75A7B906171B7E9F00866B5F</key>
		<dict>
			<key>isa</key>
			<string>PBXFileReference</string>
			<key>lastKnownFileType</key>
			<string>sourcecode.c.h</string>
			<key>path</key>
			<string>KiwiUnitTest.h</string>
			<key>sourceTree</key>
			<string>&lt;group&gt;</string>
		</dict>
		<key>75A7B907171B7E9F00866B5F</key>
		<dict>
			<key>isa</key>
			<string>PBXFileReference</string>
			<key>lastKnownFileType</key>
			<string>sourcecode.c.objc</string>
			<key>path</key>
			<string>KiwiUnitTest.m</string>
			<key>sourceTree</key>
			<string>&lt;group&gt;</string>
		</dict>
		<key>75A7B908171B7E9F00866B5F</key>
		<dict>
			<key>fileRef</key>
			<string>75A7B907171B7E9F00866B5F</string>
			<key>isa</key>
			<string>PBXBuildFile</string>
		</dict>
		<key>75A7B909171B7E9F00866B5F</key>
		<dict>
			<key>isa</key>
			<string>PBXFileReference</string>
			<key>lastKnownFileType</key>
			<string>sourcecode.c.h</string>
			<key>path</key>
			<string>KiwiUnitTest-Prefix.pch</string>
			<key>sourceTree</key>
			<string>&lt;group&gt;</string>
		</dict>
		<key>75A7B90A171B7E9F00866B5F</key>
		<dict>
			<key>baseConfigurationReference</key>
			<string>13FFBE8754EC48A584692278</string>
			<key>buildSettings</key>
			<dict>
				<key>ALWAYS_SEARCH_USER_PATHS</key>
				<string>NO</string>
				<key>CLANG_CXX_LANGUAGE_STANDARD</key>
				<string>gnu++0x</string>
				<key>CLANG_CXX_LIBRARY</key>
				<string>libc++</string>
				<key>CLANG_ENABLE_OBJC_ARC</key>
				<string>YES</string>
				<key>CLANG_WARN_CONSTANT_CONVERSION</key>
				<string>YES</string>
				<key>CLANG_WARN_EMPTY_BODY</key>
				<string>YES</string>
				<key>CLANG_WARN_ENUM_CONVERSION</key>
				<string>YES</string>
				<key>CLANG_WARN_INT_CONVERSION</key>
				<string>YES</string>
				<key>CLANG_WARN__DUPLICATE_METHOD_MATCH</key>
				<string>YES</string>
				<key>COPY_PHASE_STRIP</key>
				<string>NO</string>
				<key>FRAMEWORK_SEARCH_PATHS</key>
				<array>
					<string>"$(SDKROOT)/Developer/Library/Frameworks"</string>
					<string>"$(DEVELOPER_LIBRARY_DIR)/Frameworks"</string>
				</array>
				<key>GCC_DYNAMIC_NO_PIC</key>
				<string>NO</string>
				<key>GCC_PRECOMPILE_PREFIX_HEADER</key>
				<string>YES</string>
				<key>GCC_PREFIX_HEADER</key>
				<string>KiwiUnitTest/KiwiUnitTest-Prefix.pch</string>
				<key>GCC_PREPROCESSOR_DEFINITIONS</key>
				<array>
					<string>DEBUG=1</string>
					<string>$(inherited)</string>
				</array>
				<key>GCC_WARN_UNINITIALIZED_AUTOS</key>
				<string>YES</string>
				<key>INFOPLIST_FILE</key>
				<string>KiwiUnitTest/KiwiUnitTest-Info.plist</string>
				<key>IPHONEOS_DEPLOYMENT_TARGET</key>
				<string>6.1</string>
				<key>ONLY_ACTIVE_ARCH</key>
				<string>YES</string>
				<key>PRODUCT_NAME</key>
				<string>$(TARGET_NAME)</string>
				<key>WRAPPER_EXTENSION</key>
				<string>octest</string>
			</dict>
			<key>isa</key>
			<string>XCBuildConfiguration</string>
			<key>name</key>
			<string>Debug</string>
		</dict>
		<key>75A7B90B171B7E9F00866B5F</key>
		<dict>
			<key>baseConfigurationReference</key>
			<string>13FFBE8754EC48A584692278</string>
			<key>buildSettings</key>
			<dict>
				<key>ALWAYS_SEARCH_USER_PATHS</key>
				<string>NO</string>
				<key>CLANG_CXX_LANGUAGE_STANDARD</key>
				<string>gnu++0x</string>
				<key>CLANG_CXX_LIBRARY</key>
				<string>libc++</string>
				<key>CLANG_ENABLE_OBJC_ARC</key>
				<string>YES</string>
				<key>CLANG_WARN_CONSTANT_CONVERSION</key>
				<string>YES</string>
				<key>CLANG_WARN_EMPTY_BODY</key>
				<string>YES</string>
				<key>CLANG_WARN_ENUM_CONVERSION</key>
				<string>YES</string>
				<key>CLANG_WARN_INT_CONVERSION</key>
				<string>YES</string>
				<key>CLANG_WARN__DUPLICATE_METHOD_MATCH</key>
				<string>YES</string>
				<key>COPY_PHASE_STRIP</key>
				<string>YES</string>
				<key>FRAMEWORK_SEARCH_PATHS</key>
				<array>
					<string>"$(SDKROOT)/Developer/Library/Frameworks"</string>
					<string>"$(DEVELOPER_LIBRARY_DIR)/Frameworks"</string>
				</array>
				<key>GCC_PRECOMPILE_PREFIX_HEADER</key>
				<string>YES</string>
				<key>GCC_PREFIX_HEADER</key>
				<string>KiwiUnitTest/KiwiUnitTest-Prefix.pch</string>
				<key>GCC_WARN_UNINITIALIZED_AUTOS</key>
				<string>YES</string>
				<key>INFOPLIST_FILE</key>
				<string>KiwiUnitTest/KiwiUnitTest-Info.plist</string>
				<key>IPHONEOS_DEPLOYMENT_TARGET</key>
				<string>6.1</string>
				<key>PRODUCT_NAME</key>
				<string>$(TARGET_NAME)</string>
				<key>VALIDATE_PRODUCT</key>
				<string>YES</string>
				<key>WRAPPER_EXTENSION</key>
				<string>octest</string>
			</dict>
			<key>isa</key>
			<string>XCBuildConfiguration</string>
			<key>name</key>
			<string>Release</string>
		</dict>
		<key>75A7B90C171B7E9F00866B5F</key>
		<dict>
			<key>buildConfigurations</key>
			<array>
				<string>75A7B90A171B7E9F00866B5F</string>
				<string>75A7B90B171B7E9F00866B5F</string>
			</array>
			<key>defaultConfigurationIsVisible</key>
			<string>0</string>
			<key>isa</key>
			<string>XCConfigurationList</string>
		</dict>
		<key>75E3D66616DEADA9004959CC</key>
		<dict>
			<key>children</key>
			<array>
				<string>75E3D68416DEADA9004959CC</string>
				<string>75A7B900171B7E9F00866B5F</string>
				<string>75E3D67116DEADA9004959CC</string>
				<string>75E3D67016DEADA9004959CC</string>
				<string>75066A31170BA215009A320A</string>
				<string>C3A7B81FBB674AAF911981B6</string>
				<string>13FFBE8754EC48A584692278</string>
			</array>
			<key>isa</key>
			<string>PBXGroup</string>
			<key>sourceTree</key>
			<string>&lt;group&gt;</string>
		</dict>
		<key>75E3D66716DEADA9004959CC</key>
		<dict>
			<key>attributes</key>
			<dict>
				<key>LastUpgradeCheck</key>
				<string>0460</string>
				<key>ORGANIZATIONNAME</key>
				<string>Andrei Ursan</string>
			</dict>
			<key>buildConfigurationList</key>
			<string>75E3D66A16DEADA9004959CC</string>
			<key>compatibilityVersion</key>
			<string>Xcode 3.2</string>
			<key>developmentRegion</key>
			<string>English</string>
			<key>hasScannedForEncodings</key>
			<string>0</string>
			<key>isa</key>
			<string>PBXProject</string>
			<key>knownRegions</key>
			<array>
				<string>en</string>
			</array>
			<key>mainGroup</key>
			<string>75E3D66616DEADA9004959CC</string>
			<key>productRefGroup</key>
			<string>75E3D67016DEADA9004959CC</string>
			<key>projectDirPath</key>
			<string></string>
			<key>projectReferences</key>
			<array/>
			<key>projectRoot</key>
			<string></string>
			<key>targets</key>
			<array>
				<string>75E3D66E16DEADA9004959CC</string>
				<string>75A7B8FA171B7E9E00866B5F</string>
			</array>
		</dict>
		<key>75E3D66A16DEADA9004959CC</key>
		<dict>
			<key>buildConfigurations</key>
			<array>
				<string>75E3D81B16DEADAC004959CC</string>
				<string>75E3D81C16DEADAC004959CC</string>
			</array>
			<key>defaultConfigurationIsVisible</key>
			<string>0</string>
			<key>defaultConfigurationName</key>
			<string>Release</string>
			<key>isa</key>
			<string>XCConfigurationList</string>
		</dict>
		<key>75E3D66B16DEADA9004959CC</key>
		<dict>
			<key>buildActionMask</key>
			<string>2147483647</string>
			<key>files</key>
			<array>
				<string>75E3D81116DEADAC004959CC</string>
				<string>75E3D81416DEADAC004959CC</string>
				<string>75E3D81716DEADAC004959CC</string>
				<string>75E3D81A16DEADAC004959CC</string>
				<string>756E0C4C16EDADEC00B73F88</string>
				<string>756E0C4F16EFE21E00B73F88</string>
				<string>75596DA8170117BD000B09FD</string>
				<string>75622F4917085E01006C82F0</string>
				<string>75622F4C1708F795006C82F0</string>
				<string>75622F52170B58AA006C82F0</string>
			</array>
			<key>isa</key>
			<string>PBXSourcesBuildPhase</string>
			<key>runOnlyForDeploymentPostprocessing</key>
			<string>0</string>
		</dict>
		<key>75E3D66C16DEADA9004959CC</key>
		<dict>
			<key>buildActionMask</key>
			<string>2147483647</string>
			<key>files</key>
			<array>
				<string>75E3D67316DEADA9004959CC</string>
				<string>75E3D67516DEADA9004959CC</string>
				<string>75E3D67716DEADA9004959CC</string>
				<string>75E3D67916DEADA9004959CC</string>
				<string>75E3D67B16DEADA9004959CC</string>
				<string>75E3D67D16DEADA9004959CC</string>
				<string>75E3D67F16DEADA9004959CC</string>
				<string>75E3D68116DEADA9004959CC</string>
				<string>75E3D68316DEADA9004959CC</string>
				<string>B8581AEB5EFE4BF48A69DB51</string>
			</array>
			<key>isa</key>
			<string>PBXFrameworksBuildPhase</string>
			<key>runOnlyForDeploymentPostprocessing</key>
			<string>0</string>
		</dict>
		<key>75E3D66D16DEADA9004959CC</key>
		<dict>
			<key>buildActionMask</key>
			<string>2147483647</string>
			<key>files</key>
			<array>
				<string>75E3D68716DEADA9004959CC</string>
				<string>75E3D68916DEADA9004959CC</string>
				<string>75E3D68B16DEADA9004959CC</string>
				<string>75E3D68D16DEADA9004959CC</string>
				<string>75E3D68F16DEADA9004959CC</string>
				<string>75E3D69116DEADA9004959CC</string>
				<string>75E3D69316DEADA9004959CC</string>
				<string>75E3D69516DEADA9004959CC</string>
				<string>75E3D69716DEADA9004959CC</string>
				<string>75E3D69916DEADA9004959CC</string>
				<string>75E3D69C16DEADA9004959CC</string>
				<string>75E3D82A16DEB19F004959CC</string>
				<string>75E3D82B16DEB19F004959CC</string>
				<string>75E3D82C16DEB19F004959CC</string>
				<string>75E3D82D16DEB19F004959CC</string>
				<string>75E3D82E16DEB19F004959CC</string>
				<string>75E3D82F16DEB19F004959CC</string>
				<string>75E3D83016DEB19F004959CC</string>
				<string>75E3D83116DEB19F004959CC</string>
			</array>
			<key>isa</key>
			<string>PBXResourcesBuildPhase</string>
			<key>runOnlyForDeploymentPostprocessing</key>
			<string>0</string>
		</dict>
		<key>75E3D66E16DEADA9004959CC</key>
		<dict>
			<key>buildConfigurationList</key>
			<string>75E3D81D16DEADAC004959CC</string>
			<key>buildPhases</key>
			<array>
				<string>876C0AD080F14997AC8AF58B</string>
				<string>75E3D66B16DEADA9004959CC</string>
				<string>75E3D66C16DEADA9004959CC</string>
				<string>75E3D66D16DEADA9004959CC</string>
				<string>4C8B30EC27F84110B8B8DC23</string>
			</array>
			<key>buildRules</key>
			<array/>
			<key>dependencies</key>
			<array/>
			<key>isa</key>
			<string>PBXNativeTarget</string>
			<key>name</key>
			<string>ShootTheMonsters</string>
			<key>productName</key>
			<string>ShootTheMonsters</string>
			<key>productReference</key>
			<string>75E3D66F16DEADA9004959CC</string>
			<key>productType</key>
			<string>com.apple.product-type.application</string>
		</dict>
		<key>75E3D66F16DEADA9004959CC</key>
		<dict>
			<key>explicitFileType</key>
			<string>wrapper.application</string>
			<key>includeInIndex</key>
			<string>0</string>
			<key>isa</key>
			<string>PBXFileReference</string>
			<key>path</key>
			<string>ShootTheMonsters.app</string>
			<key>sourceTree</key>
			<string>BUILT_PRODUCTS_DIR</string>
		</dict>
		<key>75E3D67016DEADA9004959CC</key>
		<dict>
			<key>children</key>
			<array>
				<string>75E3D66F16DEADA9004959CC</string>
				<string>75A7B8FB171B7E9F00866B5F</string>
			</array>
			<key>isa</key>
			<string>PBXGroup</string>
			<key>name</key>
			<string>Products</string>
			<key>sourceTree</key>
			<string>&lt;group&gt;</string>
		</dict>
		<key>75E3D67116DEADA9004959CC</key>
		<dict>
			<key>children</key>
			<array>
				<string>75E3D67216DEADA9004959CC</string>
				<string>75E3D67416DEADA9004959CC</string>
				<string>75E3D67616DEADA9004959CC</string>
				<string>75E3D67816DEADA9004959CC</string>
				<string>75E3D67A16DEADA9004959CC</string>
				<string>75E3D67C16DEADA9004959CC</string>
				<string>75E3D67E16DEADA9004959CC</string>
				<string>75E3D68016DEADA9004959CC</string>
				<string>75E3D68216DEADA9004959CC</string>
				<string>CBB17DBD631143C1B12F2040</string>
				<string>75A7B8FC171B7E9F00866B5F</string>
				<string>472BCCCB749145D2A6666FE7</string>
			</array>
			<key>isa</key>
			<string>PBXGroup</string>
			<key>name</key>
			<string>Frameworks</string>
			<key>sourceTree</key>
			<string>&lt;group&gt;</string>
		</dict>
		<key>75E3D67216DEADA9004959CC</key>
		<dict>
			<key>isa</key>
			<string>PBXFileReference</string>
			<key>lastKnownFileType</key>
			<string>wrapper.framework</string>
			<key>name</key>
			<string>QuartzCore.framework</string>
			<key>path</key>
			<string>System/Library/Frameworks/QuartzCore.framework</string>
			<key>sourceTree</key>
			<string>SDKROOT</string>
		</dict>
		<key>75E3D67316DEADA9004959CC</key>
		<dict>
			<key>fileRef</key>
			<string>75E3D67216DEADA9004959CC</string>
			<key>isa</key>
			<string>PBXBuildFile</string>
		</dict>
		<key>75E3D67416DEADA9004959CC</key>
		<dict>
			<key>isa</key>
			<string>PBXFileReference</string>
			<key>lastKnownFileType</key>
			<string>wrapper.framework</string>
			<key>name</key>
			<string>OpenGLES.framework</string>
			<key>path</key>
			<string>System/Library/Frameworks/OpenGLES.framework</string>
			<key>sourceTree</key>
			<string>SDKROOT</string>
		</dict>
		<key>75E3D67516DEADA9004959CC</key>
		<dict>
			<key>fileRef</key>
			<string>75E3D67416DEADA9004959CC</string>
			<key>isa</key>
			<string>PBXBuildFile</string>
		</dict>
		<key>75E3D67616DEADA9004959CC</key>
		<dict>
			<key>isa</key>
			<string>PBXFileReference</string>
			<key>lastKnownFileType</key>
			<string>wrapper.framework</string>
			<key>name</key>
			<string>OpenAL.framework</string>
			<key>path</key>
			<string>System/Library/Frameworks/OpenAL.framework</string>
			<key>sourceTree</key>
			<string>SDKROOT</string>
		</dict>
		<key>75E3D67716DEADA9004959CC</key>
		<dict>
			<key>fileRef</key>
			<string>75E3D67616DEADA9004959CC</string>
			<key>isa</key>
			<string>PBXBuildFile</string>
		</dict>
		<key>75E3D67816DEADA9004959CC</key>
		<dict>
			<key>isa</key>
			<string>PBXFileReference</string>
			<key>lastKnownFileType</key>
			<string>wrapper.framework</string>
			<key>name</key>
			<string>AudioToolbox.framework</string>
			<key>path</key>
			<string>System/Library/Frameworks/AudioToolbox.framework</string>
			<key>sourceTree</key>
			<string>SDKROOT</string>
		</dict>
		<key>75E3D67916DEADA9004959CC</key>
		<dict>
			<key>fileRef</key>
			<string>75E3D67816DEADA9004959CC</string>
			<key>isa</key>
			<string>PBXBuildFile</string>
		</dict>
		<key>75E3D67A16DEADA9004959CC</key>
		<dict>
			<key>isa</key>
			<string>PBXFileReference</string>
			<key>lastKnownFileType</key>
			<string>wrapper.framework</string>
			<key>name</key>
			<string>AVFoundation.framework</string>
			<key>path</key>
			<string>System/Library/Frameworks/AVFoundation.framework</string>
			<key>sourceTree</key>
			<string>SDKROOT</string>
		</dict>
		<key>75E3D67B16DEADA9004959CC</key>
		<dict>
			<key>fileRef</key>
			<string>75E3D67A16DEADA9004959CC</string>
			<key>isa</key>
			<string>PBXBuildFile</string>
		</dict>
		<key>75E3D67C16DEADA9004959CC</key>
		<dict>
			<key>isa</key>
			<string>PBXFileReference</string>
			<key>lastKnownFileType</key>
			<string>wrapper.framework</string>
			<key>name</key>
			<string>UIKit.framework</string>
			<key>path</key>
			<string>System/Library/Frameworks/UIKit.framework</string>
			<key>sourceTree</key>
			<string>SDKROOT</string>
		</dict>
		<key>75E3D67D16DEADA9004959CC</key>
		<dict>
			<key>fileRef</key>
			<string>75E3D67C16DEADA9004959CC</string>
			<key>isa</key>
			<string>PBXBuildFile</string>
		</dict>
		<key>75E3D67E16DEADA9004959CC</key>
		<dict>
			<key>isa</key>
			<string>PBXFileReference</string>
			<key>lastKnownFileType</key>
			<string>wrapper.framework</string>
			<key>name</key>
			<string>Foundation.framework</string>
			<key>path</key>
			<string>System/Library/Frameworks/Foundation.framework</string>
			<key>sourceTree</key>
			<string>SDKROOT</string>
		</dict>
		<key>75E3D67F16DEADA9004959CC</key>
		<dict>
			<key>fileRef</key>
			<string>75E3D67E16DEADA9004959CC</string>
			<key>isa</key>
			<string>PBXBuildFile</string>
		</dict>
		<key>75E3D68016DEADA9004959CC</key>
		<dict>
			<key>isa</key>
			<string>PBXFileReference</string>
			<key>lastKnownFileType</key>
			<string>wrapper.framework</string>
			<key>name</key>
			<string>CoreGraphics.framework</string>
			<key>path</key>
			<string>System/Library/Frameworks/CoreGraphics.framework</string>
			<key>sourceTree</key>
			<string>SDKROOT</string>
		</dict>
		<key>75E3D68116DEADA9004959CC</key>
		<dict>
			<key>fileRef</key>
			<string>75E3D68016DEADA9004959CC</string>
			<key>isa</key>
			<string>PBXBuildFile</string>
		</dict>
		<key>75E3D68216DEADA9004959CC</key>
		<dict>
			<key>isa</key>
			<string>PBXFileReference</string>
			<key>lastKnownFileType</key>
			<string>wrapper.framework</string>
			<key>name</key>
			<string>GameKit.framework</string>
			<key>path</key>
			<string>System/Library/Frameworks/GameKit.framework</string>
			<key>sourceTree</key>
			<string>SDKROOT</string>
		</dict>
		<key>75E3D68316DEADA9004959CC</key>
		<dict>
			<key>fileRef</key>
			<string>75E3D68216DEADA9004959CC</string>
			<key>isa</key>
			<string>PBXBuildFile</string>
		</dict>
		<key>75E3D68416DEADA9004959CC</key>
		<dict>
			<key>children</key>
			<array>
				<string>75066A30170BA16A009A320A</string>
				<string>75066A2F170B96FB009A320A</string>
				<string>756E0CA316F216A600B73F88</string>
				<string>75E3D81216DEADAC004959CC</string>
				<string>75E3D81316DEADAC004959CC</string>
				<string>75E3D68516DEADA9004959CC</string>
				<string>75E3D80E16DEADAC004959CC</string>
			</array>
			<key>isa</key>
			<string>PBXGroup</string>
			<key>path</key>
			<string>ShootTheMonsters</string>
			<key>sourceTree</key>
			<string>&lt;group&gt;</string>
		</dict>
		<key>75E3D68516DEADA9004959CC</key>
		<dict>
			<key>children</key>
			<array>
				<string>75E3D82016DEB19F004959CC</string>
				<string>75E3D82716DEB19F004959CC</string>
				<string>75E3D68616DEADA9004959CC</string>
				<string>75E3D68816DEADA9004959CC</string>
				<string>75E3D68A16DEADA9004959CC</string>
				<string>75E3D68C16DEADA9004959CC</string>
				<string>75E3D68E16DEADA9004959CC</string>
				<string>75E3D69016DEADA9004959CC</string>
				<string>75E3D69216DEADA9004959CC</string>
				<string>75E3D69416DEADA9004959CC</string>
				<string>75E3D69616DEADA9004959CC</string>
				<string>75E3D69816DEADA9004959CC</string>
				<string>75E3D69A16DEADA9004959CC</string>
				<string>75E3D69B16DEADA9004959CC</string>
			</array>
			<key>isa</key>
			<string>PBXGroup</string>
			<key>name</key>
			<string>Resources</string>
			<key>sourceTree</key>
			<string>&lt;group&gt;</string>
		</dict>
		<key>75E3D68616DEADA9004959CC</key>
		<dict>
			<key>isa</key>
			<string>PBXFileReference</string>
			<key>lastKnownFileType</key>
			<string>image.png</string>
			<key>name</key>
			<string>Default.png</string>
			<key>path</key>
			<string>Resources/Default.png</string>
			<key>sourceTree</key>
			<string>&lt;group&gt;</string>
		</dict>
		<key>75E3D68716DEADA9004959CC</key>
		<dict>
			<key>fileRef</key>
			<string>75E3D68616DEADA9004959CC</string>
			<key>isa</key>
			<string>PBXBuildFile</string>
		</dict>
		<key>75E3D68816DEADA9004959CC</key>
		<dict>
			<key>isa</key>
			<string>PBXFileReference</string>
			<key>lastKnownFileType</key>
			<string>image.png</string>
			<key>name</key>
			<string>Default@2x.png</string>
			<key>path</key>
			<string>Resources/Default@2x.png</string>
			<key>sourceTree</key>
			<string>&lt;group&gt;</string>
		</dict>
		<key>75E3D68916DEADA9004959CC</key>
		<dict>
			<key>fileRef</key>
			<string>75E3D68816DEADA9004959CC</string>
			<key>isa</key>
			<string>PBXBuildFile</string>
		</dict>
		<key>75E3D68A16DEADA9004959CC</key>
		<dict>
			<key>isa</key>
			<string>PBXFileReference</string>
			<key>lastKnownFileType</key>
			<string>image.png</string>
			<key>name</key>
			<string>Default-568h@2x.png</string>
			<key>path</key>
			<string>Resources/Default-568h@2x.png</string>
			<key>sourceTree</key>
			<string>&lt;group&gt;</string>
		</dict>
		<key>75E3D68B16DEADA9004959CC</key>
		<dict>
			<key>fileRef</key>
			<string>75E3D68A16DEADA9004959CC</string>
			<key>isa</key>
			<string>PBXBuildFile</string>
		</dict>
		<key>75E3D68C16DEADA9004959CC</key>
		<dict>
			<key>isa</key>
			<string>PBXFileReference</string>
			<key>lastKnownFileType</key>
			<string>image.png</string>
			<key>name</key>
			<string>Default-Landscape~ipad.png</string>
			<key>path</key>
			<string>Resources/Default-Landscape~ipad.png</string>
			<key>sourceTree</key>
			<string>&lt;group&gt;</string>
		</dict>
		<key>75E3D68D16DEADA9004959CC</key>
		<dict>
			<key>fileRef</key>
			<string>75E3D68C16DEADA9004959CC</string>
			<key>isa</key>
			<string>PBXBuildFile</string>
		</dict>
		<key>75E3D68E16DEADA9004959CC</key>
		<dict>
			<key>isa</key>
			<string>PBXFileReference</string>
			<key>lastKnownFileType</key>
			<string>image.png</string>
			<key>name</key>
			<string>Icon-72.png</string>
			<key>path</key>
			<string>Resources/Icon-72.png</string>
			<key>sourceTree</key>
			<string>&lt;group&gt;</string>
		</dict>
		<key>75E3D68F16DEADA9004959CC</key>
		<dict>
			<key>fileRef</key>
			<string>75E3D68E16DEADA9004959CC</string>
			<key>isa</key>
			<string>PBXBuildFile</string>
		</dict>
		<key>75E3D69016DEADA9004959CC</key>
		<dict>
			<key>isa</key>
			<string>PBXFileReference</string>
			<key>lastKnownFileType</key>
			<string>image.png</string>
			<key>name</key>
			<string>Icon-Small-50.png</string>
			<key>path</key>
			<string>Resources/Icon-Small-50.png</string>
			<key>sourceTree</key>
			<string>&lt;group&gt;</string>
		</dict>
		<key>75E3D69116DEADA9004959CC</key>
		<dict>
			<key>fileRef</key>
			<string>75E3D69016DEADA9004959CC</string>
			<key>isa</key>
			<string>PBXBuildFile</string>
		</dict>
		<key>75E3D69216DEADA9004959CC</key>
		<dict>
			<key>isa</key>
			<string>PBXFileReference</string>
			<key>lastKnownFileType</key>
			<string>image.png</string>
			<key>name</key>
			<string>Icon-Small.png</string>
			<key>path</key>
			<string>Resources/Icon-Small.png</string>
			<key>sourceTree</key>
			<string>&lt;group&gt;</string>
		</dict>
		<key>75E3D69316DEADA9004959CC</key>
		<dict>
			<key>fileRef</key>
			<string>75E3D69216DEADA9004959CC</string>
			<key>isa</key>
			<string>PBXBuildFile</string>
		</dict>
		<key>75E3D69416DEADA9004959CC</key>
		<dict>
			<key>isa</key>
			<string>PBXFileReference</string>
			<key>lastKnownFileType</key>
			<string>image.png</string>
			<key>name</key>
			<string>Icon-Small@2x.png</string>
			<key>path</key>
			<string>Resources/Icon-Small@2x.png</string>
			<key>sourceTree</key>
			<string>&lt;group&gt;</string>
		</dict>
		<key>75E3D69516DEADA9004959CC</key>
		<dict>
			<key>fileRef</key>
			<string>75E3D69416DEADA9004959CC</string>
			<key>isa</key>
			<string>PBXBuildFile</string>
		</dict>
		<key>75E3D69616DEADA9004959CC</key>
		<dict>
			<key>isa</key>
			<string>PBXFileReference</string>
			<key>lastKnownFileType</key>
			<string>image.png</string>
			<key>name</key>
			<string>Icon.png</string>
			<key>path</key>
			<string>Resources/Icon.png</string>
			<key>sourceTree</key>
			<string>&lt;group&gt;</string>
		</dict>
		<key>75E3D69716DEADA9004959CC</key>
		<dict>
			<key>fileRef</key>
			<string>75E3D69616DEADA9004959CC</string>
			<key>isa</key>
			<string>PBXBuildFile</string>
		</dict>
		<key>75E3D69816DEADA9004959CC</key>
		<dict>
			<key>isa</key>
			<string>PBXFileReference</string>
			<key>lastKnownFileType</key>
			<string>image.png</string>
			<key>name</key>
			<string>Icon@2x.png</string>
			<key>path</key>
			<string>Resources/Icon@2x.png</string>
			<key>sourceTree</key>
			<string>&lt;group&gt;</string>
		</dict>
		<key>75E3D69916DEADA9004959CC</key>
		<dict>
			<key>fileRef</key>
			<string>75E3D69816DEADA9004959CC</string>
			<key>isa</key>
			<string>PBXBuildFile</string>
		</dict>
		<key>75E3D69A16DEADA9004959CC</key>
		<dict>
			<key>isa</key>
			<string>PBXFileReference</string>
			<key>lastKnownFileType</key>
			<string>text.plist.xml</string>
			<key>name</key>
			<string>Info.plist</string>
			<key>path</key>
			<string>Resources/Info.plist</string>
			<key>sourceTree</key>
			<string>&lt;group&gt;</string>
		</dict>
		<key>75E3D69B16DEADA9004959CC</key>
		<dict>
			<key>isa</key>
			<string>PBXFileReference</string>
			<key>lastKnownFileType</key>
			<string>file</string>
			<key>name</key>
			<string>iTunesArtwork</string>
			<key>path</key>
			<string>Resources/iTunesArtwork</string>
			<key>sourceTree</key>
			<string>&lt;group&gt;</string>
		</dict>
		<key>75E3D69C16DEADA9004959CC</key>
		<dict>
			<key>fileRef</key>
			<string>75E3D69B16DEADA9004959CC</string>
			<key>isa</key>
			<string>PBXBuildFile</string>
		</dict>
		<key>75E3D80E16DEADAC004959CC</key>
		<dict>
			<key>children</key>
			<array>
				<string>75E3D80F16DEADAC004959CC</string>
				<string>75E3D81016DEADAC004959CC</string>
			</array>
			<key>isa</key>
			<string>PBXGroup</string>
			<key>name</key>
			<string>Supporting Files</string>
			<key>sourceTree</key>
			<string>&lt;group&gt;</string>
		</dict>
		<key>75E3D80F16DEADAC004959CC</key>
		<dict>
			<key>isa</key>
			<string>PBXFileReference</string>
			<key>lastKnownFileType</key>
			<string>sourcecode.c.h</string>
			<key>path</key>
			<string>Prefix.pch</string>
			<key>sourceTree</key>
			<string>&lt;group&gt;</string>
		</dict>
		<key>75E3D81016DEADAC004959CC</key>
		<dict>
			<key>isa</key>
			<string>PBXFileReference</string>
			<key>lastKnownFileType</key>
			<string>sourcecode.c.objc</string>
			<key>path</key>
			<string>main.m</string>
			<key>sourceTree</key>
			<string>&lt;group&gt;</string>
		</dict>
		<key>75E3D81116DEADAC004959CC</key>
		<dict>
			<key>fileRef</key>
			<string>75E3D81016DEADAC004959CC</string>
			<key>isa</key>
			<string>PBXBuildFile</string>
		</dict>
		<key>75E3D81216DEADAC004959CC</key>
		<dict>
			<key>isa</key>
			<string>PBXFileReference</string>
			<key>lastKnownFileType</key>
			<string>sourcecode.c.h</string>
			<key>path</key>
			<string>AppDelegate.h</string>
			<key>sourceTree</key>
			<string>&lt;group&gt;</string>
		</dict>
		<key>75E3D81316DEADAC004959CC</key>
		<dict>
			<key>isa</key>
			<string>PBXFileReference</string>
			<key>lastKnownFileType</key>
			<string>sourcecode.c.objc</string>
			<key>path</key>
			<string>AppDelegate.m</string>
			<key>sourceTree</key>
			<string>&lt;group&gt;</string>
		</dict>
		<key>75E3D81416DEADAC004959CC</key>
		<dict>
			<key>fileRef</key>
			<string>75E3D81316DEADAC004959CC</string>
			<key>isa</key>
			<string>PBXBuildFile</string>
		</dict>
		<key>75E3D81516DEADAC004959CC</key>
		<dict>
			<key>isa</key>
			<string>PBXFileReference</string>
			<key>lastKnownFileType</key>
			<string>sourcecode.c.h</string>
			<key>path</key>
			<string>GameLayer.h</string>
			<key>sourceTree</key>
			<string>&lt;group&gt;</string>
		</dict>
		<key>75E3D81616DEADAC004959CC</key>
		<dict>
			<key>isa</key>
			<string>PBXFileReference</string>
			<key>lastKnownFileType</key>
			<string>sourcecode.c.objc</string>
			<key>path</key>
			<string>GameLayer.m</string>
			<key>sourceTree</key>
			<string>&lt;group&gt;</string>
		</dict>
		<key>75E3D81716DEADAC004959CC</key>
		<dict>
			<key>fileRef</key>
			<string>75E3D81616DEADAC004959CC</string>
			<key>isa</key>
			<string>PBXBuildFile</string>
		</dict>
		<key>75E3D81816DEADAC004959CC</key>
		<dict>
			<key>isa</key>
			<string>PBXFileReference</string>
			<key>lastKnownFileType</key>
			<string>sourcecode.c.h</string>
			<key>path</key>
			<string>IntroLayer.h</string>
			<key>sourceTree</key>
			<string>&lt;group&gt;</string>
		</dict>
		<key>75E3D81916DEADAC004959CC</key>
		<dict>
			<key>isa</key>
			<string>PBXFileReference</string>
			<key>lastKnownFileType</key>
			<string>sourcecode.c.objc</string>
			<key>path</key>
			<string>IntroLayer.m</string>
			<key>sourceTree</key>
			<string>&lt;group&gt;</string>
		</dict>
		<key>75E3D81A16DEADAC004959CC</key>
		<dict>
			<key>fileRef</key>
			<string>75E3D81916DEADAC004959CC</string>
			<key>isa</key>
			<string>PBXBuildFile</string>
		</dict>
		<key>75E3D81B16DEADAC004959CC</key>
		<dict>
			<key>buildSettings</key>
			<dict>
				<key>ARCHS</key>
				<string>$(ARCHS_STANDARD_32_BIT)</string>
				<key>CODE_SIGN_IDENTITY[sdk=iphoneos*]</key>
				<string>iPhone Developer</string>
				<key>GCC_C_LANGUAGE_STANDARD</key>
				<string>gnu99</string>
				<key>GCC_OPTIMIZATION_LEVEL</key>
				<string>0</string>
				<key>GCC_PREPROCESSOR_DEFINITIONS</key>
				<array>
					<string>DEBUG</string>
					<string>COCOS2D_DEBUG=1</string>
				</array>
				<key>GCC_SYMBOLS_PRIVATE_EXTERN</key>
				<string>NO</string>
				<key>GCC_VERSION</key>
				<string>com.apple.compilers.llvm.clang.1_0</string>
				<key>GCC_WARN_ABOUT_RETURN_TYPE</key>
				<string>YES</string>
				<key>GCC_WARN_UNUSED_VARIABLE</key>
				<string>YES</string>
				<key>IPHONEOS_DEPLOYMENT_TARGET</key>
				<string>4.0</string>
				<key>SDKROOT</key>
				<string>iphoneos</string>
				<key>TARGETED_DEVICE_FAMILY</key>
				<string>1,2</string>
			</dict>
			<key>isa</key>
			<string>XCBuildConfiguration</string>
			<key>name</key>
			<string>Debug</string>
		</dict>
		<key>75E3D81C16DEADAC004959CC</key>
		<dict>
			<key>buildSettings</key>
			<dict>
				<key>ARCHS</key>
				<string>$(ARCHS_STANDARD_32_BIT)</string>
				<key>CODE_SIGN_IDENTITY[sdk=iphoneos*]</key>
				<string>iPhone Developer</string>
				<key>GCC_C_LANGUAGE_STANDARD</key>
				<string>gnu99</string>
				<key>GCC_PREPROCESSOR_DEFINITIONS</key>
				<array>
					<string>NDEBUG</string>
					<string>NS_BLOCK_ASSERTIONS=1</string>
				</array>
				<key>GCC_VERSION</key>
				<string>com.apple.compilers.llvm.clang.1_0</string>
				<key>GCC_WARN_ABOUT_RETURN_TYPE</key>
				<string>YES</string>
				<key>GCC_WARN_UNUSED_VARIABLE</key>
				<string>YES</string>
				<key>IPHONEOS_DEPLOYMENT_TARGET</key>
				<string>4.0</string>
				<key>SDKROOT</key>
				<string>iphoneos</string>
				<key>TARGETED_DEVICE_FAMILY</key>
				<string>1,2</string>
			</dict>
			<key>isa</key>
			<string>XCBuildConfiguration</string>
			<key>name</key>
			<string>Release</string>
		</dict>
		<key>75E3D81D16DEADAC004959CC</key>
		<dict>
			<key>buildConfigurations</key>
			<array>
				<string>75E3D81E16DEADAC004959CC</string>
				<string>75E3D81F16DEADAC004959CC</string>
			</array>
			<key>defaultConfigurationIsVisible</key>
			<string>0</string>
			<key>defaultConfigurationName</key>
			<string>Release</string>
			<key>isa</key>
			<string>XCConfigurationList</string>
		</dict>
		<key>75E3D81E16DEADAC004959CC</key>
		<dict>
			<key>baseConfigurationReference</key>
			<string>C3A7B81FBB674AAF911981B6</string>
			<key>buildSettings</key>
			<dict>
				<key>ALWAYS_SEARCH_USER_PATHS</key>
				<string>NO</string>
				<key>CLANG_ENABLE_OBJC_ARC</key>
				<string>YES</string>
				<key>COPY_PHASE_STRIP</key>
				<string>NO</string>
				<key>GCC_DYNAMIC_NO_PIC</key>
				<string>NO</string>
				<key>GCC_PRECOMPILE_PREFIX_HEADER</key>
				<string>YES</string>
				<key>GCC_PREFIX_HEADER</key>
				<string>ShootTheMonsters/Prefix.pch</string>
				<key>HEADER_SEARCH_PATHS</key>
				<string>"${PODS_ROOT}/BuildHeaders"/**</string>
				<key>INFOPLIST_FILE</key>
				<string>ShootTheMonsters/Resources/Info.plist</string>
				<key>OTHER_LDFLAGS</key>
				<array>
					<string>-lz</string>
					<string>-lsqlite3</string>
					<string>-ObjC</string>
				</array>
				<key>PRODUCT_NAME</key>
				<string>$(TARGET_NAME)</string>
				<key>WRAPPER_EXTENSION</key>
				<string>app</string>
			</dict>
			<key>isa</key>
			<string>XCBuildConfiguration</string>
			<key>name</key>
			<string>Debug</string>
		</dict>
		<key>75E3D81F16DEADAC004959CC</key>
		<dict>
			<key>baseConfigurationReference</key>
			<string>C3A7B81FBB674AAF911981B6</string>
			<key>buildSettings</key>
			<dict>
				<key>ALWAYS_SEARCH_USER_PATHS</key>
				<string>NO</string>
				<key>CLANG_ENABLE_OBJC_ARC</key>
				<string>YES</string>
				<key>COPY_PHASE_STRIP</key>
				<string>YES</string>
				<key>GCC_PRECOMPILE_PREFIX_HEADER</key>
				<string>YES</string>
				<key>GCC_PREFIX_HEADER</key>
				<string>ShootTheMonsters/Prefix.pch</string>
				<key>HEADER_SEARCH_PATHS</key>
				<string>"${PODS_ROOT}/BuildHeaders"/**</string>
				<key>INFOPLIST_FILE</key>
				<string>ShootTheMonsters/Resources/Info.plist</string>
				<key>OTHER_LDFLAGS</key>
				<array>
					<string>-lz</string>
					<string>-lsqlite3</string>
					<string>-ObjC</string>
				</array>
				<key>PRODUCT_NAME</key>
				<string>$(TARGET_NAME)</string>
				<key>VALIDATE_PRODUCT</key>
				<string>YES</string>
				<key>WRAPPER_EXTENSION</key>
				<string>app</string>
			</dict>
			<key>isa</key>
			<string>XCBuildConfiguration</string>
			<key>name</key>
			<string>Release</string>
		</dict>
		<key>75E3D82016DEB19F004959CC</key>
		<dict>
			<key>children</key>
			<array>
				<string>75E3D82116DEB19F004959CC</string>
				<string>75E3D82216DEB19F004959CC</string>
				<string>75E3D82316DEB19F004959CC</string>
				<string>75E3D82416DEB19F004959CC</string>
				<string>75E3D82516DEB19F004959CC</string>
				<string>75E3D82616DEB19F004959CC</string>
			</array>
			<key>isa</key>
			<string>PBXGroup</string>
			<key>path</key>
			<string>Art</string>
			<key>sourceTree</key>
			<string>&lt;group&gt;</string>
		</dict>
		<key>75E3D82116DEB19F004959CC</key>
		<dict>
			<key>isa</key>
			<string>PBXFileReference</string>
			<key>lastKnownFileType</key>
			<string>image.png</string>
			<key>path</key>
			<string>monster-hd.png</string>
			<key>sourceTree</key>
			<string>&lt;group&gt;</string>
		</dict>
		<key>75E3D82216DEB19F004959CC</key>
		<dict>
			<key>isa</key>
			<string>PBXFileReference</string>
			<key>lastKnownFileType</key>
			<string>image.png</string>
			<key>path</key>
			<string>monster.png</string>
			<key>sourceTree</key>
			<string>&lt;group&gt;</string>
		</dict>
		<key>75E3D82316DEB19F004959CC</key>
		<dict>
			<key>isa</key>
			<string>PBXFileReference</string>
			<key>lastKnownFileType</key>
			<string>image.png</string>
			<key>path</key>
			<string>player-hd.png</string>
			<key>sourceTree</key>
			<string>&lt;group&gt;</string>
		</dict>
		<key>75E3D82416DEB19F004959CC</key>
		<dict>
			<key>isa</key>
			<string>PBXFileReference</string>
			<key>lastKnownFileType</key>
			<string>image.png</string>
			<key>path</key>
			<string>player.png</string>
			<key>sourceTree</key>
			<string>&lt;group&gt;</string>
		</dict>
		<key>75E3D82516DEB19F004959CC</key>
		<dict>
			<key>isa</key>
			<string>PBXFileReference</string>
			<key>lastKnownFileType</key>
			<string>image.png</string>
			<key>path</key>
			<string>projectile-hd.png</string>
			<key>sourceTree</key>
			<string>&lt;group&gt;</string>
		</dict>
		<key>75E3D82616DEB19F004959CC</key>
		<dict>
			<key>isa</key>
			<string>PBXFileReference</string>
			<key>lastKnownFileType</key>
			<string>image.png</string>
			<key>path</key>
			<string>projectile.png</string>
			<key>sourceTree</key>
			<string>&lt;group&gt;</string>
		</dict>
		<key>75E3D82716DEB19F004959CC</key>
		<dict>
			<key>children</key>
			<array>
				<string>75E3D82816DEB19F004959CC</string>
				<string>75E3D82916DEB19F004959CC</string>
			</array>
			<key>isa</key>
			<string>PBXGroup</string>
			<key>path</key>
			<string>Sounds</string>
			<key>sourceTree</key>
			<string>&lt;group&gt;</string>
		</dict>
		<key>75E3D82816DEB19F004959CC</key>
		<dict>
			<key>isa</key>
			<string>PBXFileReference</string>
			<key>lastKnownFileType</key>
			<string>file</string>
			<key>path</key>
			<string>background-music-aac.caf</string>
			<key>sourceTree</key>
			<string>&lt;group&gt;</string>
		</dict>
		<key>75E3D82916DEB19F004959CC</key>
		<dict>
			<key>isa</key>
			<string>PBXFileReference</string>
			<key>lastKnownFileType</key>
			<string>file</string>
			<key>path</key>
			<string>pew-pew-lei.caf</string>
			<key>sourceTree</key>
			<string>&lt;group&gt;</string>
		</dict>
		<key>75E3D82A16DEB19F004959CC</key>
		<dict>
			<key>fileRef</key>
			<string>75E3D82116DEB19F004959CC</string>
			<key>isa</key>
			<string>PBXBuildFile</string>
		</dict>
		<key>75E3D82B16DEB19F004959CC</key>
		<dict>
			<key>fileRef</key>
			<string>75E3D82216DEB19F004959CC</string>
			<key>isa</key>
			<string>PBXBuildFile</string>
		</dict>
		<key>75E3D82C16DEB19F004959CC</key>
		<dict>
			<key>fileRef</key>
			<string>75E3D82316DEB19F004959CC</string>
			<key>isa</key>
			<string>PBXBuildFile</string>
		</dict>
		<key>75E3D82D16DEB19F004959CC</key>
		<dict>
			<key>fileRef</key>
			<string>75E3D82416DEB19F004959CC</string>
			<key>isa</key>
			<string>PBXBuildFile</string>
		</dict>
		<key>75E3D82E16DEB19F004959CC</key>
		<dict>
			<key>fileRef</key>
			<string>75E3D82516DEB19F004959CC</string>
			<key>isa</key>
			<string>PBXBuildFile</string>
		</dict>
		<key>75E3D82F16DEB19F004959CC</key>
		<dict>
			<key>fileRef</key>
			<string>75E3D82616DEB19F004959CC</string>
			<key>isa</key>
			<string>PBXBuildFile</string>
		</dict>
		<key>75E3D83016DEB19F004959CC</key>
		<dict>
			<key>fileRef</key>
			<string>75E3D82816DEB19F004959CC</string>
			<key>isa</key>
			<string>PBXBuildFile</string>
		</dict>
		<key>75E3D83116DEB19F004959CC</key>
		<dict>
			<key>fileRef</key>
			<string>75E3D82916DEB19F004959CC</string>
			<key>isa</key>
			<string>PBXBuildFile</string>
		</dict>
		<key>876C0AD080F14997AC8AF58B</key>
		<dict>
			<key>buildActionMask</key>
			<string>2147483647</string>
			<key>files</key>
			<array/>
			<key>inputPaths</key>
			<array/>
			<key>isa</key>
			<string>PBXShellScriptBuildPhase</string>
			<key>name</key>
			<string>Check Pods Manifest.lock</string>
			<key>outputPaths</key>
			<array/>
			<key>runOnlyForDeploymentPostprocessing</key>
			<string>0</string>
			<key>shellPath</key>
			<string>/bin/sh</string>
			<key>shellScript</key>
			<string>diff "${PODS_ROOT}/../Podfile.lock" "${PODS_ROOT}/Manifest.lock" &gt; /dev/null
if [[ $? != 0 ]] ; then
    cat &lt;&lt; EOM
error: The sanbox is not in sync with the Podfile.lock. Run 'pod install'.
EOM
    exit 1
fi
</string>
		</dict>
		<key>B8581AEB5EFE4BF48A69DB51</key>
		<dict>
			<key>fileRef</key>
			<string>CBB17DBD631143C1B12F2040</string>
			<key>isa</key>
			<string>PBXBuildFile</string>
		</dict>
		<key>C3A7B81FBB674AAF911981B6</key>
		<dict>
			<key>includeInIndex</key>
			<string>1</string>
			<key>isa</key>
			<string>PBXFileReference</string>
			<key>lastKnownFileType</key>
			<string>text.xcconfig</string>
			<key>name</key>
			<string>Pods.xcconfig</string>
			<key>path</key>
			<string>Pods/Pods.xcconfig</string>
			<key>sourceTree</key>
			<string>SOURCE_ROOT</string>
		</dict>
		<key>CBB17DBD631143C1B12F2040</key>
		<dict>
			<key>explicitFileType</key>
			<string>archive.ar</string>
			<key>includeInIndex</key>
			<string>0</string>
			<key>isa</key>
			<string>PBXFileReference</string>
			<key>path</key>
			<string>libPods.a</string>
			<key>sourceTree</key>
			<string>BUILT_PRODUCTS_DIR</string>
		</dict>
	</dict>
	<key>rootObject</key>
	<string>75E3D66716DEADA9004959CC</string>
</dict>
</plist>
